{
  "name": "@writetome51/array-append-prepend",
  "version": "1.0.1",
  "lockfileVersion": 1,
  "requires": true,
  "dependencies": {
    "@writetome51/array-and-index-validation": {
      "version": "1.0.0",
      "resolved": "https://registry.npmjs.org/@writetome51/array-and-index-validation/-/array-and-index-validation-1.0.0.tgz",
      "integrity": "sha512-tlRCgXC/UNwtjiiot9QZot8uNG99jvluUSJe0tNxY5LGKEBU8DHZN/yh1OfkVnrrXWjWTmtISv5SM32LtXRWXg==",
      "requires": {
        "basic-data-handling": "^1.0.9"
      }
    },
    "basic-data-handling": {
      "version": "1.0.9",
      "resolved": "https://registry.npmjs.org/basic-data-handling/-/basic-data-handling-1.0.9.tgz",
      "integrity": "sha512-lNGGr5rEJ4fsAAhga6R8tieElxxVWX50qc/oFz7vJj7d4tGkclqcqp3WJIQq0IfH31LcCOnxEsUcy+hQGxS12Q=="
    }
  }
}
